
Microsoft Visual Studio Solution File, Format Version 12.00
# Visual Studio Version 17
VisualStudioVersion = 17.2.32630.192
MinimumVisualStudioVersion = 10.0.40219.1
Project("{FAE04EC0-301F-11D3-BF4B-00C04F79EFBC}") = "SIMS_2022", "SIMS_2022\SIMS_2022.csproj", "{8D65E4B3-6A5D-4624-A948-08E28A6A06E8}"
EndProject
Global
	GlobalSection(SolutionConfigurationPlatforms) = preSolution
		Debug|Any CPU = Debug|Any CPU
		Release|Any CPU = Release|Any CPU
	EndGlobalSection
	GlobalSection(ProjectConfigurationPlatforms) = postSolution
		{8D65E4B3-6A5D-4624-A948-08E28A6A06E8}.Debug|Any CPU.ActiveCfg = Debug|Any CPU
		{8D65E4B3-6A5D-4624-A948-08E28A6A06E8}.Debug|Any CPU.Build.0 = Debug|Any CPU
		{8D65E4B3-6A5D-4624-A948-08E28A6A06E8}.Release|Any CPU.ActiveCfg = Release|Any CPU
		{8D65E4B3-6A5D-4624-A948-08E28A6A06E8}.Release|Any CPU.Build.0 = Release|Any CPU
	EndGlobalSection
	GlobalSection(SolutionProperties) = preSolution
		HideSolutionNode = FALSE
	EndGlobalSection
	GlobalSection(ExtensibilityGlobals) = postSolution
		SolutionGuid = {7C7B559B-4341-4E39-841D-D6284B56FEAE}
	EndGlobalSection
EndGlobal
